
Microsoft Visual Studio Solution File, Format Version 12.00
# Visual Studio Version 17
VisualStudioVersion = 17.9.34622.214
MinimumVisualStudioVersion = 10.0.40219.1
Project("{FAE04EC0-301F-11D3-BF4B-00C04F79EFBC}") = "CompositeEntityPattern", "CompositeEntityPattern\CompositeEntityPattern.csproj", "{BA59BFE9-B9D1-4E78-BF25-045510ED4CA9}"
EndProject
Project("{FAE04EC0-301F-11D3-BF4B-00C04F79EFBC}") = "FileManagement", "FileManagement\FileManagement.csproj", "{1652EEC2-46BD-4721-8829-B1A96A026A36}"
EndProject
Global
	GlobalSection(SolutionConfigurationPlatforms) = preSolution
		Debug|Any CPU = Debug|Any CPU
		Release|Any CPU = Release|Any CPU
	EndGlobalSection
	GlobalSection(ProjectConfigurationPlatforms) = postSolution
		{BA59BFE9-B9D1-4E78-BF25-045510ED4CA9}.Debug|Any CPU.ActiveCfg = Debug|Any CPU
		{BA59BFE9-B9D1-4E78-BF25-045510ED4CA9}.Debug|Any CPU.Build.0 = Debug|Any CPU
		{BA59BFE9-B9D1-4E78-BF25-045510ED4CA9}.Release|Any CPU.ActiveCfg = Release|Any CPU
		{BA59BFE9-B9D1-4E78-BF25-045510ED4CA9}.Release|Any CPU.Build.0 = Release|Any CPU
		{1652EEC2-46BD-4721-8829-B1A96A026A36}.Debug|Any CPU.ActiveCfg = Debug|Any CPU
		{1652EEC2-46BD-4721-8829-B1A96A026A36}.Debug|Any CPU.Build.0 = Debug|Any CPU
		{1652EEC2-46BD-4721-8829-B1A96A026A36}.Release|Any CPU.ActiveCfg = Release|Any CPU
		{1652EEC2-46BD-4721-8829-B1A96A026A36}.Release|Any CPU.Build.0 = Release|Any CPU
	EndGlobalSection
	GlobalSection(SolutionProperties) = preSolution
		HideSolutionNode = FALSE
	EndGlobalSection
	GlobalSection(ExtensibilityGlobals) = postSolution
		SolutionGuid = {9BD45113-5555-4931-B2DE-9ACC365F0441}
	EndGlobalSection
EndGlobal
